<?xml version="1.0" encoding="utf-8"?>
<Project ToolsVersion="4.0" xmlns="http://schemas.microsoft.com/developer/msbuild/2003">
  <ItemGroup>
    <Filter Include="Source Files">
      <UniqueIdentifier>{4FC737F1-C7A5-4376-A066-2A32D752A2FF}</UniqueIdentifier>
      <Extensions>cpp;c;cc;cxx;c++;cppm;ixx;def;odl;idl;hpj;bat;asm;asmx</Extensions>
    </Filter>
    <Filter Include="Header Files">
      <UniqueIdentifier>{93995380-89BD-4b04-88EB-625FBE52EBFB}</UniqueIdentifier>
      <Extensions>h;hh;hpp;hxx;h++;hm;inl;inc;ipp;xsd</Extensions>
    </Filter>
    <Filter Include="Resource Files">
      <UniqueIdentifier>{67DA6AB6-F800-4c08-8B7A-83BB121AAD01}</UniqueIdentifier>
      <Extensions>rc;ico;cur;bmp;dlg;rc2;rct;bin;rgs;gif;jpg;jpeg;jpe;resx;tiff;tif;png;wav;mfcribbon-ms</Extensions>
    </Filter>
    <Filter Include="Library">
      <UniqueIdentifier>{7fbf2075-4ea9-401e-aad7-98e137be8973}</UniqueIdentifier>
    </Filter>
    <Filter Include="Library\GLAD">
      <UniqueIdentifier>{4b034200-8c17-444b-b4d0-bd1780cb1f52}</UniqueIdentifier>
    </Filter>
    <Filter Include="Library\GLFW">
      <UniqueIdentifier>{112cb5b9-51f3-4295-95e3-4eec33b0d2b6}</UniqueIdentifier>
    </Filter>
    <Filter Include="Library\KHR">
      <UniqueIdentifier>{713a988e-53a5-4b78-be63-e8eca600dd00}</UniqueIdentifier>
    </Filter>
    <Filter Include="Library\ImGui">
      <UniqueIdentifier>{52cdc389-feea-41b6-8e76-3d51616f8f4b}</UniqueIdentifier>
    </Filter>
    <Filter Include="Resource Files\Shaders">
      <UniqueIdentifier>{8b006023-5f0e-4030-b63d-82070843d5c3}</UniqueIdentifier>
    </Filter>
    <Filter Include="Library\STB Image">
      <UniqueIdentifier>{c97864d9-a156-478b-809d-227ecc72304c}</UniqueIdentifier>
    </Filter>
    <Filter Include="Resource Files\Textures">
      <UniqueIdentifier>{1f79aef0-8354-4462-a59b-bdb6d862ae8e}</UniqueIdentifier>
    </Filter>
    <Filter Include="Library\GLM">
      <UniqueIdentifier>{faf15bfd-c0ed-4c83-9a93-872cec539976}</UniqueIdentifier>
    </Filter>
    <Filter Include="Library\GLM\GTC">
      <UniqueIdentifier>{0121fc22-dbf9-49ac-b5fc-b0550acf8a87}</UniqueIdentifier>
    </Filter>
    <Filter Include="Library\Assimp">
      <UniqueIdentifier>{db9ac8e4-eb20-4a51-8307-2339a2d90ccd}</UniqueIdentifier>
    </Filter>
    <Filter Include="Library\Assimp\Compiler">
      <UniqueIdentifier>{3a456630-f343-49d3-99a2-6e9b6a5395a8}</UniqueIdentifier>
    </Filter>
    <Filter Include="Resource Files\Models">
      <UniqueIdentifier>{df970098-e06e-4891-acf2-4c7323e8b868}</UniqueIdentifier>
    </Filter>
    <Filter Include="Resource Files\Models\Backpack">
      <UniqueIdentifier>{161ff882-13c0-4264-9c27-926b133e9cdc}</UniqueIdentifier>
    </Filter>
    <Filter Include="Scenes">
      <UniqueIdentifier>{0aa2e77b-2466-4088-a099-d2df58524ee6}</UniqueIdentifier>
    </Filter>
  </ItemGroup>
  <ItemGroup>
    <ClCompile Include="Library\GLAD\glad.c">
      <Filter>Library\GLAD</Filter>
    </ClCompile>
    <ClCompile Include="Library\ImGui\imgui.cpp">
      <Filter>Library\ImGui</Filter>
    </ClCompile>
    <ClCompile Include="Library\ImGui\imgui_demo.cpp">
      <Filter>Library\ImGui</Filter>
    </ClCompile>
    <ClCompile Include="Library\ImGui\imgui_draw.cpp">
      <Filter>Library\ImGui</Filter>
    </ClCompile>
    <ClCompile Include="Library\ImGui\imgui_impl_glfw.cpp">
      <Filter>Library\ImGui</Filter>
    </ClCompile>
    <ClCompile Include="Library\ImGui\imgui_impl_opengl3.cpp">
      <Filter>Library\ImGui</Filter>
    </ClCompile>
    <ClCompile Include="Library\ImGui\imgui_tables.cpp">
      <Filter>Library\ImGui</Filter>
    </ClCompile>
    <ClCompile Include="Library\ImGui\imgui_widgets.cpp">
      <Filter>Library\ImGui</Filter>
    </ClCompile>
    <ClCompile Include="Library\STB Image\stb_image.cpp">
      <Filter>Library\STB Image</Filter>
    </ClCompile>
    <ClCompile Include="Source Files\main.cpp">
      <Filter>Source Files</Filter>
    </ClCompile>
    <ClCompile Include="Source Files\Renderer.cpp">
      <Filter>Source Files</Filter>
    </ClCompile>
    <ClCompile Include="Source Files\Settings.cpp">
      <Filter>Source Files</Filter>
    </ClCompile>
    <ClCompile Include="Source Files\Shader.cpp">
      <Filter>Source Files</Filter>
    </ClCompile>
    <ClCompile Include="Source Files\UserInterface.cpp">
      <Filter>Source Files</Filter>
    </ClCompile>
    <ClCompile Include="Source Files\Camera.cpp">
      <Filter>Source Files</Filter>
    </ClCompile>
    <ClCompile Include="Source Files\Mesh.cpp">
      <Filter>Source Files</Filter>
    </ClCompile>
    <ClCompile Include="Source Files\Model.cpp">
      <Filter>Source Files</Filter>
    </ClCompile>
    <ClCompile Include="Scenes\StencilTest.h">
      <Filter>Scenes</Filter>
    </ClCompile>
  </ItemGroup>
  <ItemGroup>
    <ClInclude Include="Header Files\Renderer.h">
      <Filter>Header Files</Filter>
    </ClInclude>
    <ClInclude Include="Header Files\Settings.h">
      <Filter>Header Files</Filter>
    </ClInclude>
    <ClInclude Include="Header Files\Shader.h">
      <Filter>Header Files</Filter>
    </ClInclude>
    <ClInclude Include="Header Files\UserInterface.h">
      <Filter>Header Files</Filter>
    </ClInclude>
    <ClInclude Include="Library\GLAD\glad.h">
      <Filter>Library\GLAD</Filter>
    </ClInclude>
    <ClInclude Include="Library\GLFW\glfw3.h">
      <Filter>Library\GLFW</Filter>
    </ClInclude>
    <ClInclude Include="Library\GLFW\glfw3native.h">
      <Filter>Library\GLFW</Filter>
    </ClInclude>
    <ClInclude Include="Library\ImGui\imconfig.h">
      <Filter>Library\ImGui</Filter>
    </ClInclude>
    <ClInclude Include="Library\ImGui\imgui.h">
      <Filter>Library\ImGui</Filter>
    </ClInclude>
    <ClInclude Include="Library\ImGui\imgui_impl_glfw.h">
      <Filter>Library\ImGui</Filter>
    </ClInclude>
    <ClInclude Include="Library\ImGui\imgui_impl_opengl3.h">
      <Filter>Library\ImGui</Filter>
    </ClInclude>
    <ClInclude Include="Library\ImGui\imgui_impl_opengl3_loader.h">
      <Filter>Library\ImGui</Filter>
    </ClInclude>
    <ClInclude Include="Library\ImGui\imgui_internal.h">
      <Filter>Library\ImGui</Filter>
    </ClInclude>
    <ClInclude Include="Library\ImGui\imstb_rectpack.h">
      <Filter>Library\ImGui</Filter>
    </ClInclude>
    <ClInclude Include="Library\ImGui\imstb_textedit.h">
      <Filter>Library\ImGui</Filter>
    </ClInclude>
    <ClInclude Include="Library\ImGui\imstb_truetype.h">
      <Filter>Library\ImGui</Filter>
    </ClInclude>
    <ClInclude Include="Library\KHR\khrplatform.h">
      <Filter>Library\KHR</Filter>
    </ClInclude>
    <ClInclude Include="Library\STB Image\stb_image.h">
      <Filter>Library\STB Image</Filter>
    </ClInclude>
    <ClInclude Include="Library\GLM\glm.hpp">
      <Filter>Library\GLM</Filter>
    </ClInclude>
    <ClInclude Include="Library\GLM\gtc\matrix_transform.hpp">
      <Filter>Library\GLM\GTC</Filter>
    </ClInclude>
    <ClInclude Include="Library\GLM\gtc\type_ptr.hpp">
      <Filter>Library\GLM\GTC</Filter>
    </ClInclude>
    <ClInclude Include="Header Files\Camera.h">
      <Filter>Header Files</Filter>
    </ClInclude>
    <ClInclude Include="Library\Assimp\aabb.h">
      <Filter>Library\Assimp</Filter>
    </ClInclude>
    <ClInclude Include="Library\Assimp\ai_assert.h">
      <Filter>Library\Assimp</Filter>
    </ClInclude>
    <ClInclude Include="Library\Assimp\anim.h">
      <Filter>Library\Assimp</Filter>
    </ClInclude>
    <ClInclude Include="Library\Assimp\AssertHandler.h">
      <Filter>Library\Assimp</Filter>
    </ClInclude>
    <ClInclude Include="Library\Assimp\Base64.hpp">
      <Filter>Library\Assimp</Filter>
    </ClInclude>
    <ClInclude Include="Library\Assimp\BaseImporter.h">
      <Filter>Library\Assimp</Filter>
    </ClInclude>
    <ClInclude Include="Library\Assimp\Bitmap.h">
      <Filter>Library\Assimp</Filter>
    </ClInclude>
    <ClInclude Include="Library\Assimp\BlobIOSystem.h">
      <Filter>Library\Assimp</Filter>
    </ClInclude>
    <ClInclude Include="Library\Assimp\ByteSwapper.h">
      <Filter>Library\Assimp</Filter>
    </ClInclude>
    <ClInclude Include="Library\Assimp\camera.h">
      <Filter>Library\Assimp</Filter>
    </ClInclude>
    <ClInclude Include="Library\Assimp\cexport.h">
      <Filter>Library\Assimp</Filter>
    </ClInclude>
    <ClInclude Include="Library\Assimp\cfileio.h">
      <Filter>Library\Assimp</Filter>
    </ClInclude>
    <ClInclude Include="Library\Assimp\cimport.h">
      <Filter>Library\Assimp</Filter>
    </ClInclude>
    <ClInclude Include="Library\Assimp\ColladaMetaData.h">
      <Filter>Library\Assimp</Filter>
    </ClInclude>
    <ClInclude Include="Library\Assimp\color4.h">
      <Filter>Library\Assimp</Filter>
    </ClInclude>
    <ClInclude Include="Library\Assimp\commonMetaData.h">
      <Filter>Library\Assimp</Filter>
    </ClInclude>
    <ClInclude Include="Library\Assimp\config.h">
      <Filter>Library\Assimp</Filter>
    </ClInclude>
    <ClInclude Include="Library\Assimp\CreateAnimMesh.h">
      <Filter>Library\Assimp</Filter>
    </ClInclude>
    <ClInclude Include="Library\Assimp\DefaultIOStream.h">
      <Filter>Library\Assimp</Filter>
    </ClInclude>
    <ClInclude Include="Library\Assimp\DefaultIOSystem.h">
      <Filter>Library\Assimp</Filter>
    </ClInclude>
    <ClInclude Include="Library\Assimp\DefaultLogger.hpp">
      <Filter>Library\Assimp</Filter>
    </ClInclude>
    <ClInclude Include="Library\Assimp\defs.h">
      <Filter>Library\Assimp</Filter>
    </ClInclude>
    <ClInclude Include="Library\Assimp\Exceptional.h">
      <Filter>Library\Assimp</Filter>
    </ClInclude>
    <ClInclude Include="Library\Assimp\Exporter.hpp">
      <Filter>Library\Assimp</Filter>
    </ClInclude>
    <ClInclude Include="Library\Assimp\fast_atof.h">
      <Filter>Library\Assimp</Filter>
    </ClInclude>
    <ClInclude Include="Library\Assimp\GenericProperty.h">
      <Filter>Library\Assimp</Filter>
    </ClInclude>
    <ClInclude Include="Library\Assimp\GltfMaterial.h">
      <Filter>Library\Assimp</Filter>
    </ClInclude>
    <ClInclude Include="Library\Assimp\Hash.h">
      <Filter>Library\Assimp</Filter>
    </ClInclude>
    <ClInclude Include="Library\Assimp\Importer.hpp">
      <Filter>Library\Assimp</Filter>
    </ClInclude>
    <ClInclude Include="Library\Assimp\importerdesc.h">
      <Filter>Library\Assimp</Filter>
    </ClInclude>
    <ClInclude Include="Library\Assimp\IOStream.hpp">
      <Filter>Library\Assimp</Filter>
    </ClInclude>
    <ClInclude Include="Library\Assimp\IOStreamBuffer.h">
      <Filter>Library\Assimp</Filter>
    </ClInclude>
    <ClInclude Include="Library\Assimp\IOSystem.hpp">
      <Filter>Library\Assimp</Filter>
    </ClInclude>
    <ClInclude Include="Library\Assimp\light.h">
      <Filter>Library\Assimp</Filter>
    </ClInclude>
    <ClInclude Include="Library\Assimp\LineSplitter.h">
      <Filter>Library\Assimp</Filter>
    </ClInclude>
    <ClInclude Include="Library\Assimp\LogAux.h">
      <Filter>Library\Assimp</Filter>
    </ClInclude>
    <ClInclude Include="Library\Assimp\Logger.hpp">
      <Filter>Library\Assimp</Filter>
    </ClInclude>
    <ClInclude Include="Library\Assimp\LogStream.hpp">
      <Filter>Library\Assimp</Filter>
    </ClInclude>
    <ClInclude Include="Library\Assimp\material.h">
      <Filter>Library\Assimp</Filter>
    </ClInclude>
    <ClInclude Include="Library\Assimp\MathFunctions.h">
      <Filter>Library\Assimp</Filter>
    </ClInclude>
    <ClInclude Include="Library\Assimp\matrix3x3.h">
      <Filter>Library\Assimp</Filter>
    </ClInclude>
    <ClInclude Include="Library\Assimp\matrix4x4.h">
      <Filter>Library\Assimp</Filter>
    </ClInclude>
    <ClInclude Include="Library\Assimp\MemoryIOWrapper.h">
      <Filter>Library\Assimp</Filter>
    </ClInclude>
    <ClInclude Include="Library\Assimp\mesh.h">
      <Filter>Library\Assimp</Filter>
    </ClInclude>
    <ClInclude Include="Library\Assimp\metadata.h">
      <Filter>Library\Assimp</Filter>
    </ClInclude>
    <ClInclude Include="Library\Assimp\NullLogger.hpp">
      <Filter>Library\Assimp</Filter>
    </ClInclude>
    <ClInclude Include="Library\Assimp\ObjMaterial.h">
      <Filter>Library\Assimp</Filter>
    </ClInclude>
    <ClInclude Include="Library\Assimp\ParsingUtils.h">
      <Filter>Library\Assimp</Filter>
    </ClInclude>
    <ClInclude Include="Library\Assimp\pbrmaterial.h">
      <Filter>Library\Assimp</Filter>
    </ClInclude>
    <ClInclude Include="Library\Assimp\postprocess.h">
      <Filter>Library\Assimp</Filter>
    </ClInclude>
    <ClInclude Include="Library\Assimp\Profiler.h">
      <Filter>Library\Assimp</Filter>
    </ClInclude>
    <ClInclude Include="Library\Assimp\ProgressHandler.hpp">
      <Filter>Library\Assimp</Filter>
    </ClInclude>
    <ClInclude Include="Library\Assimp\qnan.h">
      <Filter>Library\Assimp</Filter>
    </ClInclude>
    <ClInclude Include="Library\Assimp\quaternion.h">
      <Filter>Library\Assimp</Filter>
    </ClInclude>
    <ClInclude Include="Library\Assimp\RemoveComments.h">
      <Filter>Library\Assimp</Filter>
    </ClInclude>
    <ClInclude Include="Library\Assimp\scene.h">
      <Filter>Library\Assimp</Filter>
    </ClInclude>
    <ClInclude Include="Library\Assimp\SceneCombiner.h">
      <Filter>Library\Assimp</Filter>
    </ClInclude>
    <ClInclude Include="Library\Assimp\SGSpatialSort.h">
      <Filter>Library\Assimp</Filter>
    </ClInclude>
    <ClInclude Include="Library\Assimp\SkeletonMeshBuilder.h">
      <Filter>Library\Assimp</Filter>
    </ClInclude>
    <ClInclude Include="Library\Assimp\SmallVector.h">
      <Filter>Library\Assimp</Filter>
    </ClInclude>
    <ClInclude Include="Library\Assimp\SmoothingGroups.h">
      <Filter>Library\Assimp</Filter>
    </ClInclude>
    <ClInclude Include="Library\Assimp\SpatialSort.h">
      <Filter>Library\Assimp</Filter>
    </ClInclude>
    <ClInclude Include="Library\Assimp\StandardShapes.h">
      <Filter>Library\Assimp</Filter>
    </ClInclude>
    <ClInclude Include="Library\Assimp\StreamReader.h">
      <Filter>Library\Assimp</Filter>
    </ClInclude>
    <ClInclude Include="Library\Assimp\StreamWriter.h">
      <Filter>Library\Assimp</Filter>
    </ClInclude>
    <ClInclude Include="Library\Assimp\StringComparison.h">
      <Filter>Library\Assimp</Filter>
    </ClInclude>
    <ClInclude Include="Library\Assimp\StringUtils.h">
      <Filter>Library\Assimp</Filter>
    </ClInclude>
    <ClInclude Include="Library\Assimp\Subdivision.h">
      <Filter>Library\Assimp</Filter>
    </ClInclude>
    <ClInclude Include="Library\Assimp\texture.h">
      <Filter>Library\Assimp</Filter>
    </ClInclude>
    <ClInclude Include="Library\Assimp\TinyFormatter.h">
      <Filter>Library\Assimp</Filter>
    </ClInclude>
    <ClInclude Include="Library\Assimp\types.h">
      <Filter>Library\Assimp</Filter>
    </ClInclude>
    <ClInclude Include="Library\Assimp\vector2.h">
      <Filter>Library\Assimp</Filter>
    </ClInclude>
    <ClInclude Include="Library\Assimp\vector3.h">
      <Filter>Library\Assimp</Filter>
    </ClInclude>
    <ClInclude Include="Library\Assimp\version.h">
      <Filter>Library\Assimp</Filter>
    </ClInclude>
    <ClInclude Include="Library\Assimp\Vertex.h">
      <Filter>Library\Assimp</Filter>
    </ClInclude>
    <ClInclude Include="Library\Assimp\XmlParser.h">
      <Filter>Library\Assimp</Filter>
    </ClInclude>
    <ClInclude Include="Library\Assimp\XMLTools.h">
      <Filter>Library\Assimp</Filter>
    </ClInclude>
    <ClInclude Include="Library\Assimp\ZipArchiveIOSystem.h">
      <Filter>Library\Assimp</Filter>
    </ClInclude>
    <ClInclude Include="Library\Assimp\Compiler\poppack1.h">
      <Filter>Library\Assimp\Compiler</Filter>
    </ClInclude>
    <ClInclude Include="Library\Assimp\Compiler\pstdint.h">
      <Filter>Library\Assimp\Compiler</Filter>
    </ClInclude>
    <ClInclude Include="Library\Assimp\Compiler\pushpack1.h">
      <Filter>Library\Assimp\Compiler</Filter>
    </ClInclude>
    <ClInclude Include="Header Files\Model.h">
      <Filter>Header Files</Filter>
    </ClInclude>
    <ClInclude Include="Header Files\Mesh.h">
      <Filter>Header Files</Filter>
    </ClInclude>
    <ClInclude Include="Scenes\ModelLoading.h">
      <Filter>Scenes</Filter>
    </ClInclude>
    <ClInclude Include="Scenes\Scene.h">
      <Filter>Scenes</Filter>
    </ClInclude>
    <ClInclude Include="Header Files\Texture.h">
      <Filter>Header Files</Filter>
    </ClInclude>
    <ClInclude Include="Header Files\Vertex.h">
      <Filter>Header Files</Filter>
    </ClInclude>
  </ItemGroup>
  <ItemGroup>
    <None Include="Resource Files\Shaders\Container.frag">
      <Filter>Resource Files\Shaders</Filter>
    </None>
    <None Include="Resource Files\Shaders\Container.vert">
      <Filter>Resource Files\Shaders</Filter>
    </None>
    <None Include="Resource Files\Shaders\Light.vert">
      <Filter>Resource Files\Shaders</Filter>
    </None>
    <None Include="Resource Files\Shaders\Light.frag">
      <Filter>Resource Files\Shaders</Filter>
    </None>
    <None Include="Library\Assimp\color4.inl">
      <Filter>Library\Assimp</Filter>
    </None>
    <None Include="Library\Assimp\config.h.in">
      <Filter>Library\Assimp</Filter>
    </None>
    <None Include="Library\Assimp\material.inl">
      <Filter>Library\Assimp</Filter>
    </None>
    <None Include="Library\Assimp\matrix3x3.inl">
      <Filter>Library\Assimp</Filter>
    </None>
    <None Include="Library\Assimp\matrix4x4.inl">
      <Filter>Library\Assimp</Filter>
    </None>
    <None Include="Library\Assimp\quaternion.inl">
      <Filter>Library\Assimp</Filter>
    </None>
    <None Include="Library\Assimp\SmoothingGroups.inl">
      <Filter>Library\Assimp</Filter>
    </None>
    <None Include="Library\Assimp\vector2.inl">
      <Filter>Library\Assimp</Filter>
    </None>
    <None Include="Library\Assimp\vector3.inl">
      <Filter>Library\Assimp</Filter>
    </None>
    <None Include="Resource Files\Shaders\Model.vert">
      <Filter>Resource Files\Shaders</Filter>
    </None>
    <None Include="Resource Files\Shaders\Model.frag">
      <Filter>Resource Files\Shaders</Filter>
    </None>
    <None Include="Resource Files\Shaders\Basic.vert">
      <Filter>Resource Files\Shaders</Filter>
    </None>
    <None Include="Resource Files\Shaders\Basic.frag">
      <Filter>Resource Files\Shaders</Filter>
    </None>
  </ItemGroup>
  <ItemGroup>
    <Image Include="Resource Files\Textures\Container.jpg">
      <Filter>Resource Files\Textures</Filter>
    </Image>
    <Image Include="Resource Files\Textures\AwesomeFace.png">
      <Filter>Resource Files\Textures</Filter>
    </Image>
    <Image Include="Resource Files\Textures\WoodenBox_Diffuse.png">
      <Filter>Resource Files\Textures</Filter>
    </Image>
    <Image Include="Resource Files\Textures\WoodenBox_Specular.png">
      <Filter>Resource Files\Textures</Filter>
    </Image>
  </ItemGroup>
</Project>